# This file is automatically @generated by Cargo.
# It is not intended for manual editing.
version = 3

[[package]]
name = "echo-server"
version = "0.1.0"

[[patch.unused]]
name = "parity-secp256k1"
version = "0.7.0"
source = "git+https://github.com/paritytech/rust-secp256k1#d05fd8e152f8d110b587906e3d854196b086e42a"
